
Microsoft Visual Studio Solution File, Format Version 12.00
Project("{FAE04EC0-301F-11D3-BF4B-00C04F79EFBC}") = "AutoDiffLib", "AutoDiffLib\AutoDiffLib.csproj", "{9012E605-E959-4A75-8656-CEFC0C290806}"
EndProject
Project("{FAE04EC0-301F-11D3-BF4B-00C04F79EFBC}") = "Tests", "Tests\Tests.csproj", "{69E16C6E-BDEE-41F4-9F4A-66F6BBC40B09}"
EndProject
Global
	GlobalSection(SolutionConfigurationPlatforms) = preSolution
		Debug|Any CPU = Debug|Any CPU
		Release|Any CPU = Release|Any CPU
	EndGlobalSection
	GlobalSection(ProjectConfigurationPlatforms) = postSolution
		{9012E605-E959-4A75-8656-CEFC0C290806}.Debug|Any CPU.ActiveCfg = Debug|Any CPU
		{9012E605-E959-4A75-8656-CEFC0C290806}.Debug|Any CPU.Build.0 = Debug|Any CPU
		{9012E605-E959-4A75-8656-CEFC0C290806}.Release|Any CPU.ActiveCfg = Release|Any CPU
		{9012E605-E959-4A75-8656-CEFC0C290806}.Release|Any CPU.Build.0 = Release|Any CPU
		{69E16C6E-BDEE-41F4-9F4A-66F6BBC40B09}.Debug|Any CPU.ActiveCfg = Debug|Any CPU
		{69E16C6E-BDEE-41F4-9F4A-66F6BBC40B09}.Debug|Any CPU.Build.0 = Debug|Any CPU
		{69E16C6E-BDEE-41F4-9F4A-66F6BBC40B09}.Release|Any CPU.ActiveCfg = Release|Any CPU
		{69E16C6E-BDEE-41F4-9F4A-66F6BBC40B09}.Release|Any CPU.Build.0 = Release|Any CPU
	EndGlobalSection
EndGlobal
